
Microsoft Visual Studio Solution File, Format Version 12.00
# Visual Studio 2013
VisualStudioVersion = 12.0.21005.1
MinimumVisualStudioVersion = 10.0.40219.1
Project("{2150E333-8FDC-42A3-9474-1A3956D46DE8}") = ".nuget", ".nuget", "{30167CA5-B827-4781-A713-1024D1538129}"
	ProjectSection(SolutionItems) = preProject
		.nuget\NuGet.Config = .nuget\NuGet.Config
		.nuget\NuGet.exe = .nuget\NuGet.exe
		.nuget\NuGet.targets = .nuget\NuGet.targets
	EndProjectSection
EndProject
Project("{2150E333-8FDC-42A3-9474-1A3956D46DE8}") = "Source", "Source", "{80058A54-6223-480C-AA19-F99E7AE593F3}"
EndProject
Project("{2150E333-8FDC-42A3-9474-1A3956D46DE8}") = "Samples", "Samples", "{05BDC895-7F7B-4B6F-8D69-E7916837092D}"
EndProject
Project("{2150E333-8FDC-42A3-9474-1A3956D46DE8}") = "Test", "Test", "{C5A4976B-EABE-41F5-A855-6B887A04F333}"
EndProject
Project("{2150E333-8FDC-42A3-9474-1A3956D46DE8}") = "Imaging", "Imaging", "{D89DBEF4-6579-47B5-91EF-B7290D883D8D}"
EndProject
Project("{2150E333-8FDC-42A3-9474-1A3956D46DE8}") = "Math", "Math", "{CF741AC7-1E22-42F1-AC9C-32A4D1FD19B9}"
EndProject
Project("{2150E333-8FDC-42A3-9474-1A3956D46DE8}") = "Vision", "Vision", "{5EC394D2-289B-42B1-94D8-4C4C8780F64A}"
EndProject
Project("{FAE04EC0-301F-11D3-BF4B-00C04F79EFBC}") = "Accord.Core.Extensions", "Source\Accord.Core.Extensions\Accord.Core.Extensions.csproj", "{F46115E9-C4FC-4355-93AE-BE8E96B236C9}"
EndProject
Project("{FAE04EC0-301F-11D3-BF4B-00C04F79EFBC}") = "Accord.Imaging.GenericImage", "Source\Imaging\Accord.Imaging.GenericImage\Accord.Imaging.GenericImage.csproj", "{3CF8F155-3DA1-4529-9B28-D409E86ED4E2}"
EndProject
Project("{FAE04EC0-301F-11D3-BF4B-00C04F79EFBC}") = "Accord.Imaging.Algorithms", "Source\Imaging\Accord.Imaging.Algorithms\Accord.Imaging.Algorithms.csproj", "{91C6AE50-EE09-4E3D-8EBB-1BD42688D042}"
EndProject
Project("{FAE04EC0-301F-11D3-BF4B-00C04F79EFBC}") = "Accord.Math.Extensions", "Source\Math\Accord.Math.Extensions\Accord.Math.Extensions.csproj", "{23880A3C-B97D-4139-8355-6DC599DD1576}"
EndProject
Project("{FAE04EC0-301F-11D3-BF4B-00C04F79EFBC}") = "Accord.Math.Geometry.Extensions", "Source\Math\Accord.Math.Geometry.Extensions\Accord.Math.Geometry.Extensions.csproj", "{6713153C-8632-4951-A3ED-CD49A70C9FB3}"
EndProject
Project("{FAE04EC0-301F-11D3-BF4B-00C04F79EFBC}") = "Accord.Vision.Extensions", "Source\Vision\Accord.Vision.Extensions\Accord.Vision.Extensions.csproj", "{901E6881-6237-49C8-8DDF-5E2491D7D1D0}"
EndProject
Project("{FAE04EC0-301F-11D3-BF4B-00C04F79EFBC}") = "Accord.Vision.IO", "Source\Vision\Accord.Vision.IO\Accord.Vision.IO.csproj", "{0DB826E1-CAE4-4802-A579-1E12D7A60348}"
EndProject
Project("{FAE04EC0-301F-11D3-BF4B-00C04F79EFBC}") = "Test", "Test\Test.csproj", "{F34AE966-F8EB-46EC-A1A9-E7D8B1CA3DAB}"
EndProject
Project("{FAE04EC0-301F-11D3-BF4B-00C04F79EFBC}") = "CamshiftDemo", "Samples\CamshiftDemo\CamshiftDemo.csproj", "{3CA48B2E-13DA-4B1D-9846-C7754D18A33A}"
EndProject
Project("{FAE04EC0-301F-11D3-BF4B-00C04F79EFBC}") = "PyrKLOpticalFlowDemo", "Samples\PyrKLOpticalFlowDemo\PyrKLOpticalFlowDemo.csproj", "{408DC7A0-C599-453C-B50A-76F9A09A7E6B}"
EndProject
Project("{2150E333-8FDC-42A3-9474-1A3956D46DE8}") = "KalmanSamples", "KalmanSamples", "{2AC58CE3-2025-42BB-BF19-382CD58A70F3}"
EndProject
Project("{FAE04EC0-301F-11D3-BF4B-00C04F79EFBC}") = "Kalman1DFilterDemo", "Samples\KalmanSamples\Kalman1DFilterDemo\Kalman1DFilterDemo.csproj", "{F62E136A-C589-4A53-9A45-D66B0813DC06}"
EndProject
Project("{FAE04EC0-301F-11D3-BF4B-00C04F79EFBC}") = "Kalman2DFilterDemo", "Samples\KalmanSamples\Kalman2DFilterDemo\Kalman2DFilterDemo.csproj", "{898F6B1C-78AB-4B6F-BD78-484577E8805C}"
EndProject
Project("{2150E333-8FDC-42A3-9474-1A3956D46DE8}") = "ParticleFilterSamples", "ParticleFilterSamples", "{BA280FBE-D7AB-488A-B208-BF22A0D2C565}"
EndProject
Project("{FAE04EC0-301F-11D3-BF4B-00C04F79EFBC}") = "ColorParticleFilterDemo", "Samples\ParticleFilterSamples\ColorParticleFilterDemo\ColorParticleFilterDemo.csproj", "{23BF064F-0AC4-469A-928A-F8D6814A160D}"
EndProject
Project("{FAE04EC0-301F-11D3-BF4B-00C04F79EFBC}") = "ParticleFilterModelFitting", "Samples\ParticleFilterSamples\ParticleFilterModelFitting\ParticleFilterModelFitting.csproj", "{E2B1E3C3-4354-4B9D-BC59-C969F58D5E65}"
EndProject
Project("{FAE04EC0-301F-11D3-BF4B-00C04F79EFBC}") = "ContourDemo", "Samples\ContourDemo\ContourDemo.csproj", "{B7771804-4292-4912-9334-B71F288313F8}"
EndProject
Project("{2150E333-8FDC-42A3-9474-1A3956D46DE8}") = "FastTemplateMatching", "FastTemplateMatching", "{81F23CF6-C8A5-4BB7-9070-3E2179BAB6EC}"
EndProject
Project("{8BC9CEB8-8B4A-11D0-8D11-00A0C91BC942}") = "SIMDArrayInstructions", "Source\Imaging\FastTemplateMatching\SIMDArrayInstructions\SIMDArrayInstructions.vcxproj", "{06DC371A-D057-4353-9D70-544329B6CFEF}"
EndProject
Project("{FAE04EC0-301F-11D3-BF4B-00C04F79EFBC}") = "LINE2D", "Source\Imaging\FastTemplateMatching\LINE2D.csproj", "{5F6B97F8-7EA6-4B5D-9A5D-F5581505C303}"
EndProject
Project("{FAE04EC0-301F-11D3-BF4B-00C04F79EFBC}") = "FastTemplateMatchingDemo", "Samples\FastTemplateMatchingDemo\FastTemplateMatchingDemo.csproj", "{83816CC9-DB98-4048-888D-E81CB08178D7}"
EndProject
Global
	GlobalSection(SolutionConfigurationPlatforms) = preSolution
		Debug|Any CPU = Debug|Any CPU
		Debug|Mixed Platforms = Debug|Mixed Platforms
		Debug|Win32 = Debug|Win32
		Debug|x64 = Debug|x64
		Release|Any CPU = Release|Any CPU
		Release|Mixed Platforms = Release|Mixed Platforms
		Release|Win32 = Release|Win32
		Release|x64 = Release|x64
	EndGlobalSection
	GlobalSection(ProjectConfigurationPlatforms) = postSolution
		{F46115E9-C4FC-4355-93AE-BE8E96B236C9}.Debug|Any CPU.ActiveCfg = Debug|Any CPU
		{F46115E9-C4FC-4355-93AE-BE8E96B236C9}.Debug|Any CPU.Build.0 = Debug|Any CPU
		{F46115E9-C4FC-4355-93AE-BE8E96B236C9}.Debug|Mixed Platforms.ActiveCfg = Debug|Any CPU
		{F46115E9-C4FC-4355-93AE-BE8E96B236C9}.Debug|Mixed Platforms.Build.0 = Debug|Any CPU
		{F46115E9-C4FC-4355-93AE-BE8E96B236C9}.Debug|Win32.ActiveCfg = Debug|Any CPU
		{F46115E9-C4FC-4355-93AE-BE8E96B236C9}.Debug|x64.ActiveCfg = Debug|Any CPU
		{F46115E9-C4FC-4355-93AE-BE8E96B236C9}.Release|Any CPU.ActiveCfg = Release|Any CPU
		{F46115E9-C4FC-4355-93AE-BE8E96B236C9}.Release|Any CPU.Build.0 = Release|Any CPU
		{F46115E9-C4FC-4355-93AE-BE8E96B236C9}.Release|Mixed Platforms.ActiveCfg = Release|Any CPU
		{F46115E9-C4FC-4355-93AE-BE8E96B236C9}.Release|Mixed Platforms.Build.0 = Release|Any CPU
		{F46115E9-C4FC-4355-93AE-BE8E96B236C9}.Release|Win32.ActiveCfg = Release|Any CPU
		{F46115E9-C4FC-4355-93AE-BE8E96B236C9}.Release|x64.ActiveCfg = Release|Any CPU
		{3CF8F155-3DA1-4529-9B28-D409E86ED4E2}.Debug|Any CPU.ActiveCfg = Debug|Any CPU
		{3CF8F155-3DA1-4529-9B28-D409E86ED4E2}.Debug|Any CPU.Build.0 = Debug|Any CPU
		{3CF8F155-3DA1-4529-9B28-D409E86ED4E2}.Debug|Mixed Platforms.ActiveCfg = Debug|Any CPU
		{3CF8F155-3DA1-4529-9B28-D409E86ED4E2}.Debug|Mixed Platforms.Build.0 = Debug|Any CPU
		{3CF8F155-3DA1-4529-9B28-D409E86ED4E2}.Debug|Win32.ActiveCfg = Debug|Any CPU
		{3CF8F155-3DA1-4529-9B28-D409E86ED4E2}.Debug|x64.ActiveCfg = Debug|Any CPU
		{3CF8F155-3DA1-4529-9B28-D409E86ED4E2}.Release|Any CPU.ActiveCfg = Release|Any CPU
		{3CF8F155-3DA1-4529-9B28-D409E86ED4E2}.Release|Any CPU.Build.0 = Release|Any CPU
		{3CF8F155-3DA1-4529-9B28-D409E86ED4E2}.Release|Mixed Platforms.ActiveCfg = Release|Any CPU
		{3CF8F155-3DA1-4529-9B28-D409E86ED4E2}.Release|Mixed Platforms.Build.0 = Release|Any CPU
		{3CF8F155-3DA1-4529-9B28-D409E86ED4E2}.Release|Win32.ActiveCfg = Release|Any CPU
		{3CF8F155-3DA1-4529-9B28-D409E86ED4E2}.Release|x64.ActiveCfg = Release|Any CPU
		{91C6AE50-EE09-4E3D-8EBB-1BD42688D042}.Debug|Any CPU.ActiveCfg = Debug|Any CPU
		{91C6AE50-EE09-4E3D-8EBB-1BD42688D042}.Debug|Any CPU.Build.0 = Debug|Any CPU
		{91C6AE50-EE09-4E3D-8EBB-1BD42688D042}.Debug|Mixed Platforms.ActiveCfg = Debug|Any CPU
		{91C6AE50-EE09-4E3D-8EBB-1BD42688D042}.Debug|Mixed Platforms.Build.0 = Debug|Any CPU
		{91C6AE50-EE09-4E3D-8EBB-1BD42688D042}.Debug|Win32.ActiveCfg = Debug|Any CPU
		{91C6AE50-EE09-4E3D-8EBB-1BD42688D042}.Debug|x64.ActiveCfg = Debug|Any CPU
		{91C6AE50-EE09-4E3D-8EBB-1BD42688D042}.Release|Any CPU.ActiveCfg = Release|Any CPU
		{91C6AE50-EE09-4E3D-8EBB-1BD42688D042}.Release|Any CPU.Build.0 = Release|Any CPU
		{91C6AE50-EE09-4E3D-8EBB-1BD42688D042}.Release|Mixed Platforms.ActiveCfg = Release|Any CPU
		{91C6AE50-EE09-4E3D-8EBB-1BD42688D042}.Release|Mixed Platforms.Build.0 = Release|Any CPU
		{91C6AE50-EE09-4E3D-8EBB-1BD42688D042}.Release|Win32.ActiveCfg = Release|Any CPU
		{91C6AE50-EE09-4E3D-8EBB-1BD42688D042}.Release|x64.ActiveCfg = Release|Any CPU
		{23880A3C-B97D-4139-8355-6DC599DD1576}.Debug|Any CPU.ActiveCfg = Debug|Any CPU
		{23880A3C-B97D-4139-8355-6DC599DD1576}.Debug|Any CPU.Build.0 = Debug|Any CPU
		{23880A3C-B97D-4139-8355-6DC599DD1576}.Debug|Mixed Platforms.ActiveCfg = Debug|Any CPU
		{23880A3C-B97D-4139-8355-6DC599DD1576}.Debug|Mixed Platforms.Build.0 = Debug|Any CPU
		{23880A3C-B97D-4139-8355-6DC599DD1576}.Debug|Win32.ActiveCfg = Debug|Any CPU
		{23880A3C-B97D-4139-8355-6DC599DD1576}.Debug|x64.ActiveCfg = Debug|Any CPU
		{23880A3C-B97D-4139-8355-6DC599DD1576}.Release|Any CPU.ActiveCfg = Release|Any CPU
		{23880A3C-B97D-4139-8355-6DC599DD1576}.Release|Any CPU.Build.0 = Release|Any CPU
		{23880A3C-B97D-4139-8355-6DC599DD1576}.Release|Mixed Platforms.ActiveCfg = Release|Any CPU
		{23880A3C-B97D-4139-8355-6DC599DD1576}.Release|Mixed Platforms.Build.0 = Release|Any CPU
		{23880A3C-B97D-4139-8355-6DC599DD1576}.Release|Win32.ActiveCfg = Release|Any CPU
		{23880A3C-B97D-4139-8355-6DC599DD1576}.Release|x64.ActiveCfg = Release|Any CPU
		{6713153C-8632-4951-A3ED-CD49A70C9FB3}.Debug|Any CPU.ActiveCfg = Debug|Any CPU
		{6713153C-8632-4951-A3ED-CD49A70C9FB3}.Debug|Any CPU.Build.0 = Debug|Any CPU
		{6713153C-8632-4951-A3ED-CD49A70C9FB3}.Debug|Mixed Platforms.ActiveCfg = Debug|Any CPU
		{6713153C-8632-4951-A3ED-CD49A70C9FB3}.Debug|Mixed Platforms.Build.0 = Debug|Any CPU
		{6713153C-8632-4951-A3ED-CD49A70C9FB3}.Debug|Win32.ActiveCfg = Debug|Any CPU
		{6713153C-8632-4951-A3ED-CD49A70C9FB3}.Debug|x64.ActiveCfg = Debug|Any CPU
		{6713153C-8632-4951-A3ED-CD49A70C9FB3}.Release|Any CPU.ActiveCfg = Release|Any CPU
		{6713153C-8632-4951-A3ED-CD49A70C9FB3}.Release|Any CPU.Build.0 = Release|Any CPU
		{6713153C-8632-4951-A3ED-CD49A70C9FB3}.Release|Mixed Platforms.ActiveCfg = Release|Any CPU
		{6713153C-8632-4951-A3ED-CD49A70C9FB3}.Release|Mixed Platforms.Build.0 = Release|Any CPU
		{6713153C-8632-4951-A3ED-CD49A70C9FB3}.Release|Win32.ActiveCfg = Release|Any CPU
		{6713153C-8632-4951-A3ED-CD49A70C9FB3}.Release|x64.ActiveCfg = Release|Any CPU
		{901E6881-6237-49C8-8DDF-5E2491D7D1D0}.Debug|Any CPU.ActiveCfg = Debug|Any CPU
		{901E6881-6237-49C8-8DDF-5E2491D7D1D0}.Debug|Any CPU.Build.0 = Debug|Any CPU
		{901E6881-6237-49C8-8DDF-5E2491D7D1D0}.Debug|Mixed Platforms.ActiveCfg = Debug|Any CPU
		{901E6881-6237-49C8-8DDF-5E2491D7D1D0}.Debug|Mixed Platforms.Build.0 = Debug|Any CPU
		{901E6881-6237-49C8-8DDF-5E2491D7D1D0}.Debug|Win32.ActiveCfg = Debug|Any CPU
		{901E6881-6237-49C8-8DDF-5E2491D7D1D0}.Debug|x64.ActiveCfg = Debug|Any CPU
		{901E6881-6237-49C8-8DDF-5E2491D7D1D0}.Release|Any CPU.ActiveCfg = Release|Any CPU
		{901E6881-6237-49C8-8DDF-5E2491D7D1D0}.Release|Any CPU.Build.0 = Release|Any CPU
		{901E6881-6237-49C8-8DDF-5E2491D7D1D0}.Release|Mixed Platforms.ActiveCfg = Release|Any CPU
		{901E6881-6237-49C8-8DDF-5E2491D7D1D0}.Release|Mixed Platforms.Build.0 = Release|Any CPU
		{901E6881-6237-49C8-8DDF-5E2491D7D1D0}.Release|Win32.ActiveCfg = Release|Any CPU
		{901E6881-6237-49C8-8DDF-5E2491D7D1D0}.Release|x64.ActiveCfg = Release|Any CPU
		{0DB826E1-CAE4-4802-A579-1E12D7A60348}.Debug|Any CPU.ActiveCfg = Debug|Any CPU
		{0DB826E1-CAE4-4802-A579-1E12D7A60348}.Debug|Any CPU.Build.0 = Debug|Any CPU
		{0DB826E1-CAE4-4802-A579-1E12D7A60348}.Debug|Mixed Platforms.ActiveCfg = Debug|Any CPU
		{0DB826E1-CAE4-4802-A579-1E12D7A60348}.Debug|Mixed Platforms.Build.0 = Debug|Any CPU
		{0DB826E1-CAE4-4802-A579-1E12D7A60348}.Debug|Win32.ActiveCfg = Debug|Any CPU
		{0DB826E1-CAE4-4802-A579-1E12D7A60348}.Debug|x64.ActiveCfg = Debug|Any CPU
		{0DB826E1-CAE4-4802-A579-1E12D7A60348}.Release|Any CPU.ActiveCfg = Release|Any CPU
		{0DB826E1-CAE4-4802-A579-1E12D7A60348}.Release|Any CPU.Build.0 = Release|Any CPU
		{0DB826E1-CAE4-4802-A579-1E12D7A60348}.Release|Mixed Platforms.ActiveCfg = Release|Any CPU
		{0DB826E1-CAE4-4802-A579-1E12D7A60348}.Release|Mixed Platforms.Build.0 = Release|Any CPU
		{0DB826E1-CAE4-4802-A579-1E12D7A60348}.Release|Win32.ActiveCfg = Release|Any CPU
		{0DB826E1-CAE4-4802-A579-1E12D7A60348}.Release|x64.ActiveCfg = Release|Any CPU
		{F34AE966-F8EB-46EC-A1A9-E7D8B1CA3DAB}.Debug|Any CPU.ActiveCfg = Debug|Any CPU
		{F34AE966-F8EB-46EC-A1A9-E7D8B1CA3DAB}.Debug|Any CPU.Build.0 = Debug|Any CPU
		{F34AE966-F8EB-46EC-A1A9-E7D8B1CA3DAB}.Debug|Mixed Platforms.ActiveCfg = Debug|Any CPU
		{F34AE966-F8EB-46EC-A1A9-E7D8B1CA3DAB}.Debug|Mixed Platforms.Build.0 = Debug|Any CPU
		{F34AE966-F8EB-46EC-A1A9-E7D8B1CA3DAB}.Debug|Win32.ActiveCfg = Debug|Any CPU
		{F34AE966-F8EB-46EC-A1A9-E7D8B1CA3DAB}.Debug|x64.ActiveCfg = Debug|Any CPU
		{F34AE966-F8EB-46EC-A1A9-E7D8B1CA3DAB}.Release|Any CPU.ActiveCfg = Release|Any CPU
		{F34AE966-F8EB-46EC-A1A9-E7D8B1CA3DAB}.Release|Any CPU.Build.0 = Release|Any CPU
		{F34AE966-F8EB-46EC-A1A9-E7D8B1CA3DAB}.Release|Mixed Platforms.ActiveCfg = Release|Any CPU
		{F34AE966-F8EB-46EC-A1A9-E7D8B1CA3DAB}.Release|Mixed Platforms.Build.0 = Release|Any CPU
		{F34AE966-F8EB-46EC-A1A9-E7D8B1CA3DAB}.Release|Win32.ActiveCfg = Release|Any CPU
		{F34AE966-F8EB-46EC-A1A9-E7D8B1CA3DAB}.Release|x64.ActiveCfg = Release|Any CPU
		{3CA48B2E-13DA-4B1D-9846-C7754D18A33A}.Debug|Any CPU.ActiveCfg = Debug|Any CPU
		{3CA48B2E-13DA-4B1D-9846-C7754D18A33A}.Debug|Any CPU.Build.0 = Debug|Any CPU
		{3CA48B2E-13DA-4B1D-9846-C7754D18A33A}.Debug|Mixed Platforms.ActiveCfg = Debug|Any CPU
		{3CA48B2E-13DA-4B1D-9846-C7754D18A33A}.Debug|Mixed Platforms.Build.0 = Debug|Any CPU
		{3CA48B2E-13DA-4B1D-9846-C7754D18A33A}.Debug|Win32.ActiveCfg = Debug|Any CPU
		{3CA48B2E-13DA-4B1D-9846-C7754D18A33A}.Debug|x64.ActiveCfg = Debug|Any CPU
		{3CA48B2E-13DA-4B1D-9846-C7754D18A33A}.Release|Any CPU.ActiveCfg = Release|Any CPU
		{3CA48B2E-13DA-4B1D-9846-C7754D18A33A}.Release|Any CPU.Build.0 = Release|Any CPU
		{3CA48B2E-13DA-4B1D-9846-C7754D18A33A}.Release|Mixed Platforms.ActiveCfg = Release|Any CPU
		{3CA48B2E-13DA-4B1D-9846-C7754D18A33A}.Release|Mixed Platforms.Build.0 = Release|Any CPU
		{3CA48B2E-13DA-4B1D-9846-C7754D18A33A}.Release|Win32.ActiveCfg = Release|Any CPU
		{3CA48B2E-13DA-4B1D-9846-C7754D18A33A}.Release|x64.ActiveCfg = Release|Any CPU
		{408DC7A0-C599-453C-B50A-76F9A09A7E6B}.Debug|Any CPU.ActiveCfg = Debug|Any CPU
		{408DC7A0-C599-453C-B50A-76F9A09A7E6B}.Debug|Any CPU.Build.0 = Debug|Any CPU
		{408DC7A0-C599-453C-B50A-76F9A09A7E6B}.Debug|Mixed Platforms.ActiveCfg = Debug|Any CPU
		{408DC7A0-C599-453C-B50A-76F9A09A7E6B}.Debug|Mixed Platforms.Build.0 = Debug|Any CPU
		{408DC7A0-C599-453C-B50A-76F9A09A7E6B}.Debug|Win32.ActiveCfg = Debug|Any CPU
		{408DC7A0-C599-453C-B50A-76F9A09A7E6B}.Debug|x64.ActiveCfg = Debug|Any CPU
		{408DC7A0-C599-453C-B50A-76F9A09A7E6B}.Release|Any CPU.ActiveCfg = Release|Any CPU
		{408DC7A0-C599-453C-B50A-76F9A09A7E6B}.Release|Any CPU.Build.0 = Release|Any CPU
		{408DC7A0-C599-453C-B50A-76F9A09A7E6B}.Release|Mixed Platforms.ActiveCfg = Release|Any CPU
		{408DC7A0-C599-453C-B50A-76F9A09A7E6B}.Release|Mixed Platforms.Build.0 = Release|Any CPU
		{408DC7A0-C599-453C-B50A-76F9A09A7E6B}.Release|Win32.ActiveCfg = Release|Any CPU
		{408DC7A0-C599-453C-B50A-76F9A09A7E6B}.Release|x64.ActiveCfg = Release|Any CPU
		{F62E136A-C589-4A53-9A45-D66B0813DC06}.Debug|Any CPU.ActiveCfg = Debug|Any CPU
		{F62E136A-C589-4A53-9A45-D66B0813DC06}.Debug|Any CPU.Build.0 = Debug|Any CPU
		{F62E136A-C589-4A53-9A45-D66B0813DC06}.Debug|Mixed Platforms.ActiveCfg = Debug|Any CPU
		{F62E136A-C589-4A53-9A45-D66B0813DC06}.Debug|Mixed Platforms.Build.0 = Debug|Any CPU
		{F62E136A-C589-4A53-9A45-D66B0813DC06}.Debug|Win32.ActiveCfg = Debug|Any CPU
		{F62E136A-C589-4A53-9A45-D66B0813DC06}.Debug|x64.ActiveCfg = Debug|Any CPU
		{F62E136A-C589-4A53-9A45-D66B0813DC06}.Release|Any CPU.ActiveCfg = Release|Any CPU
		{F62E136A-C589-4A53-9A45-D66B0813DC06}.Release|Any CPU.Build.0 = Release|Any CPU
		{F62E136A-C589-4A53-9A45-D66B0813DC06}.Release|Mixed Platforms.ActiveCfg = Release|Any CPU
		{F62E136A-C589-4A53-9A45-D66B0813DC06}.Release|Mixed Platforms.Build.0 = Release|Any CPU
		{F62E136A-C589-4A53-9A45-D66B0813DC06}.Release|Win32.ActiveCfg = Release|Any CPU
		{F62E136A-C589-4A53-9A45-D66B0813DC06}.Release|x64.ActiveCfg = Release|Any CPU
		{898F6B1C-78AB-4B6F-BD78-484577E8805C}.Debug|Any CPU.ActiveCfg = Debug|Any CPU
		{898F6B1C-78AB-4B6F-BD78-484577E8805C}.Debug|Any CPU.Build.0 = Debug|Any CPU
		{898F6B1C-78AB-4B6F-BD78-484577E8805C}.Debug|Mixed Platforms.ActiveCfg = Debug|Any CPU
		{898F6B1C-78AB-4B6F-BD78-484577E8805C}.Debug|Mixed Platforms.Build.0 = Debug|Any CPU
		{898F6B1C-78AB-4B6F-BD78-484577E8805C}.Debug|Win32.ActiveCfg = Debug|Any CPU
		{898F6B1C-78AB-4B6F-BD78-484577E8805C}.Debug|x64.ActiveCfg = Debug|Any CPU
		{898F6B1C-78AB-4B6F-BD78-484577E8805C}.Release|Any CPU.ActiveCfg = Release|Any CPU
		{898F6B1C-78AB-4B6F-BD78-484577E8805C}.Release|Any CPU.Build.0 = Release|Any CPU
		{898F6B1C-78AB-4B6F-BD78-484577E8805C}.Release|Mixed Platforms.ActiveCfg = Release|Any CPU
		{898F6B1C-78AB-4B6F-BD78-484577E8805C}.Release|Mixed Platforms.Build.0 = Release|Any CPU
		{898F6B1C-78AB-4B6F-BD78-484577E8805C}.Release|Win32.ActiveCfg = Release|Any CPU
		{898F6B1C-78AB-4B6F-BD78-484577E8805C}.Release|x64.ActiveCfg = Release|Any CPU
		{23BF064F-0AC4-469A-928A-F8D6814A160D}.Debug|Any CPU.ActiveCfg = Debug|Any CPU
		{23BF064F-0AC4-469A-928A-F8D6814A160D}.Debug|Any CPU.Build.0 = Debug|Any CPU
		{23BF064F-0AC4-469A-928A-F8D6814A160D}.Debug|Mixed Platforms.ActiveCfg = Debug|Any CPU
		{23BF064F-0AC4-469A-928A-F8D6814A160D}.Debug|Mixed Platforms.Build.0 = Debug|Any CPU
		{23BF064F-0AC4-469A-928A-F8D6814A160D}.Debug|Win32.ActiveCfg = Debug|Any CPU
		{23BF064F-0AC4-469A-928A-F8D6814A160D}.Debug|x64.ActiveCfg = Debug|Any CPU
		{23BF064F-0AC4-469A-928A-F8D6814A160D}.Release|Any CPU.ActiveCfg = Release|Any CPU
		{23BF064F-0AC4-469A-928A-F8D6814A160D}.Release|Any CPU.Build.0 = Release|Any CPU
		{23BF064F-0AC4-469A-928A-F8D6814A160D}.Release|Mixed Platforms.ActiveCfg = Release|Any CPU
		{23BF064F-0AC4-469A-928A-F8D6814A160D}.Release|Mixed Platforms.Build.0 = Release|Any CPU
		{23BF064F-0AC4-469A-928A-F8D6814A160D}.Release|Win32.ActiveCfg = Release|Any CPU
		{23BF064F-0AC4-469A-928A-F8D6814A160D}.Release|x64.ActiveCfg = Release|Any CPU
		{E2B1E3C3-4354-4B9D-BC59-C969F58D5E65}.Debug|Any CPU.ActiveCfg = Debug|Any CPU
		{E2B1E3C3-4354-4B9D-BC59-C969F58D5E65}.Debug|Any CPU.Build.0 = Debug|Any CPU
		{E2B1E3C3-4354-4B9D-BC59-C969F58D5E65}.Debug|Mixed Platforms.ActiveCfg = Debug|Any CPU
		{E2B1E3C3-4354-4B9D-BC59-C969F58D5E65}.Debug|Mixed Platforms.Build.0 = Debug|Any CPU
		{E2B1E3C3-4354-4B9D-BC59-C969F58D5E65}.Debug|Win32.ActiveCfg = Debug|Any CPU
		{E2B1E3C3-4354-4B9D-BC59-C969F58D5E65}.Debug|x64.ActiveCfg = Debug|Any CPU
		{E2B1E3C3-4354-4B9D-BC59-C969F58D5E65}.Release|Any CPU.ActiveCfg = Release|Any CPU
		{E2B1E3C3-4354-4B9D-BC59-C969F58D5E65}.Release|Any CPU.Build.0 = Release|Any CPU
		{E2B1E3C3-4354-4B9D-BC59-C969F58D5E65}.Release|Mixed Platforms.ActiveCfg = Release|Any CPU
		{E2B1E3C3-4354-4B9D-BC59-C969F58D5E65}.Release|Mixed Platforms.Build.0 = Release|Any CPU
		{E2B1E3C3-4354-4B9D-BC59-C969F58D5E65}.Release|Win32.ActiveCfg = Release|Any CPU
		{E2B1E3C3-4354-4B9D-BC59-C969F58D5E65}.Release|x64.ActiveCfg = Release|Any CPU
		{B7771804-4292-4912-9334-B71F288313F8}.Debug|Any CPU.ActiveCfg = Debug|Any CPU
		{B7771804-4292-4912-9334-B71F288313F8}.Debug|Any CPU.Build.0 = Debug|Any CPU
		{B7771804-4292-4912-9334-B71F288313F8}.Debug|Mixed Platforms.ActiveCfg = Debug|Any CPU
		{B7771804-4292-4912-9334-B71F288313F8}.Debug|Mixed Platforms.Build.0 = Debug|Any CPU
		{B7771804-4292-4912-9334-B71F288313F8}.Debug|Win32.ActiveCfg = Debug|Any CPU
		{B7771804-4292-4912-9334-B71F288313F8}.Debug|x64.ActiveCfg = Debug|Any CPU
		{B7771804-4292-4912-9334-B71F288313F8}.Release|Any CPU.ActiveCfg = Release|Any CPU
		{B7771804-4292-4912-9334-B71F288313F8}.Release|Any CPU.Build.0 = Release|Any CPU
		{B7771804-4292-4912-9334-B71F288313F8}.Release|Mixed Platforms.ActiveCfg = Release|Any CPU
		{B7771804-4292-4912-9334-B71F288313F8}.Release|Mixed Platforms.Build.0 = Release|Any CPU
		{B7771804-4292-4912-9334-B71F288313F8}.Release|Win32.ActiveCfg = Release|Any CPU
		{B7771804-4292-4912-9334-B71F288313F8}.Release|x64.ActiveCfg = Release|Any CPU
		{06DC371A-D057-4353-9D70-544329B6CFEF}.Debug|Any CPU.ActiveCfg = Debug|Win32
		{06DC371A-D057-4353-9D70-544329B6CFEF}.Debug|Mixed Platforms.ActiveCfg = Debug|Win32
		{06DC371A-D057-4353-9D70-544329B6CFEF}.Debug|Mixed Platforms.Build.0 = Debug|Win32
		{06DC371A-D057-4353-9D70-544329B6CFEF}.Debug|Win32.ActiveCfg = Debug|Win32
		{06DC371A-D057-4353-9D70-544329B6CFEF}.Debug|Win32.Build.0 = Debug|Win32
		{06DC371A-D057-4353-9D70-544329B6CFEF}.Debug|x64.ActiveCfg = Debug|x64
		{06DC371A-D057-4353-9D70-544329B6CFEF}.Debug|x64.Build.0 = Debug|x64
		{06DC371A-D057-4353-9D70-544329B6CFEF}.Release|Any CPU.ActiveCfg = Release|x64
		{06DC371A-D057-4353-9D70-544329B6CFEF}.Release|Any CPU.Build.0 = Release|x64
		{06DC371A-D057-4353-9D70-544329B6CFEF}.Release|Mixed Platforms.ActiveCfg = Release|Win32
		{06DC371A-D057-4353-9D70-544329B6CFEF}.Release|Mixed Platforms.Build.0 = Release|Win32
		{06DC371A-D057-4353-9D70-544329B6CFEF}.Release|Win32.ActiveCfg = Release|Win32
		{06DC371A-D057-4353-9D70-544329B6CFEF}.Release|Win32.Build.0 = Release|Win32
		{06DC371A-D057-4353-9D70-544329B6CFEF}.Release|x64.ActiveCfg = Release|x64
		{06DC371A-D057-4353-9D70-544329B6CFEF}.Release|x64.Build.0 = Release|x64
		{5F6B97F8-7EA6-4B5D-9A5D-F5581505C303}.Debug|Any CPU.ActiveCfg = Debug|Any CPU
		{5F6B97F8-7EA6-4B5D-9A5D-F5581505C303}.Debug|Any CPU.Build.0 = Debug|Any CPU
		{5F6B97F8-7EA6-4B5D-9A5D-F5581505C303}.Debug|Mixed Platforms.ActiveCfg = Debug|Any CPU
		{5F6B97F8-7EA6-4B5D-9A5D-F5581505C303}.Debug|Mixed Platforms.Build.0 = Debug|Any CPU
		{5F6B97F8-7EA6-4B5D-9A5D-F5581505C303}.Debug|Win32.ActiveCfg = Debug|Any CPU
		{5F6B97F8-7EA6-4B5D-9A5D-F5581505C303}.Debug|x64.ActiveCfg = Debug|Any CPU
		{5F6B97F8-7EA6-4B5D-9A5D-F5581505C303}.Release|Any CPU.ActiveCfg = Release|Any CPU
		{5F6B97F8-7EA6-4B5D-9A5D-F5581505C303}.Release|Any CPU.Build.0 = Release|Any CPU
		{5F6B97F8-7EA6-4B5D-9A5D-F5581505C303}.Release|Mixed Platforms.ActiveCfg = Release|Any CPU
		{5F6B97F8-7EA6-4B5D-9A5D-F5581505C303}.Release|Mixed Platforms.Build.0 = Release|Any CPU
		{5F6B97F8-7EA6-4B5D-9A5D-F5581505C303}.Release|Win32.ActiveCfg = Release|Any CPU
		{5F6B97F8-7EA6-4B5D-9A5D-F5581505C303}.Release|x64.ActiveCfg = Release|Any CPU
		{83816CC9-DB98-4048-888D-E81CB08178D7}.Debug|Any CPU.ActiveCfg = Debug|Any CPU
		{83816CC9-DB98-4048-888D-E81CB08178D7}.Debug|Any CPU.Build.0 = Debug|Any CPU
		{83816CC9-DB98-4048-888D-E81CB08178D7}.Debug|Mixed Platforms.ActiveCfg = Debug|Any CPU
		{83816CC9-DB98-4048-888D-E81CB08178D7}.Debug|Mixed Platforms.Build.0 = Debug|Any CPU
		{83816CC9-DB98-4048-888D-E81CB08178D7}.Debug|Win32.ActiveCfg = Debug|Any CPU
		{83816CC9-DB98-4048-888D-E81CB08178D7}.Debug|x64.ActiveCfg = Debug|Any CPU
		{83816CC9-DB98-4048-888D-E81CB08178D7}.Release|Any CPU.ActiveCfg = Release|Any CPU
		{83816CC9-DB98-4048-888D-E81CB08178D7}.Release|Any CPU.Build.0 = Release|Any CPU
		{83816CC9-DB98-4048-888D-E81CB08178D7}.Release|Mixed Platforms.ActiveCfg = Release|Any CPU
		{83816CC9-DB98-4048-888D-E81CB08178D7}.Release|Mixed Platforms.Build.0 = Release|Any CPU
		{83816CC9-DB98-4048-888D-E81CB08178D7}.Release|Win32.ActiveCfg = Release|Any CPU
		{83816CC9-DB98-4048-888D-E81CB08178D7}.Release|x64.ActiveCfg = Release|Any CPU
	EndGlobalSection
	GlobalSection(SolutionProperties) = preSolution
		HideSolutionNode = FALSE
	EndGlobalSection
	GlobalSection(NestedProjects) = preSolution
		{D89DBEF4-6579-47B5-91EF-B7290D883D8D} = {80058A54-6223-480C-AA19-F99E7AE593F3}
		{CF741AC7-1E22-42F1-AC9C-32A4D1FD19B9} = {80058A54-6223-480C-AA19-F99E7AE593F3}
		{5EC394D2-289B-42B1-94D8-4C4C8780F64A} = {80058A54-6223-480C-AA19-F99E7AE593F3}
		{F46115E9-C4FC-4355-93AE-BE8E96B236C9} = {80058A54-6223-480C-AA19-F99E7AE593F3}
		{3CA48B2E-13DA-4B1D-9846-C7754D18A33A} = {05BDC895-7F7B-4B6F-8D69-E7916837092D}
		{408DC7A0-C599-453C-B50A-76F9A09A7E6B} = {05BDC895-7F7B-4B6F-8D69-E7916837092D}
		{2AC58CE3-2025-42BB-BF19-382CD58A70F3} = {05BDC895-7F7B-4B6F-8D69-E7916837092D}
		{BA280FBE-D7AB-488A-B208-BF22A0D2C565} = {05BDC895-7F7B-4B6F-8D69-E7916837092D}
		{B7771804-4292-4912-9334-B71F288313F8} = {05BDC895-7F7B-4B6F-8D69-E7916837092D}
		{83816CC9-DB98-4048-888D-E81CB08178D7} = {05BDC895-7F7B-4B6F-8D69-E7916837092D}
		{F34AE966-F8EB-46EC-A1A9-E7D8B1CA3DAB} = {C5A4976B-EABE-41F5-A855-6B887A04F333}
		{3CF8F155-3DA1-4529-9B28-D409E86ED4E2} = {D89DBEF4-6579-47B5-91EF-B7290D883D8D}
		{91C6AE50-EE09-4E3D-8EBB-1BD42688D042} = {D89DBEF4-6579-47B5-91EF-B7290D883D8D}
		{81F23CF6-C8A5-4BB7-9070-3E2179BAB6EC} = {D89DBEF4-6579-47B5-91EF-B7290D883D8D}
		{23880A3C-B97D-4139-8355-6DC599DD1576} = {CF741AC7-1E22-42F1-AC9C-32A4D1FD19B9}
		{6713153C-8632-4951-A3ED-CD49A70C9FB3} = {CF741AC7-1E22-42F1-AC9C-32A4D1FD19B9}
		{901E6881-6237-49C8-8DDF-5E2491D7D1D0} = {5EC394D2-289B-42B1-94D8-4C4C8780F64A}
		{0DB826E1-CAE4-4802-A579-1E12D7A60348} = {5EC394D2-289B-42B1-94D8-4C4C8780F64A}
		{F62E136A-C589-4A53-9A45-D66B0813DC06} = {2AC58CE3-2025-42BB-BF19-382CD58A70F3}
		{898F6B1C-78AB-4B6F-BD78-484577E8805C} = {2AC58CE3-2025-42BB-BF19-382CD58A70F3}
		{23BF064F-0AC4-469A-928A-F8D6814A160D} = {BA280FBE-D7AB-488A-B208-BF22A0D2C565}
		{E2B1E3C3-4354-4B9D-BC59-C969F58D5E65} = {BA280FBE-D7AB-488A-B208-BF22A0D2C565}
		{06DC371A-D057-4353-9D70-544329B6CFEF} = {81F23CF6-C8A5-4BB7-9070-3E2179BAB6EC}
		{5F6B97F8-7EA6-4B5D-9A5D-F5581505C303} = {81F23CF6-C8A5-4BB7-9070-3E2179BAB6EC}
	EndGlobalSection
EndGlobal
